{"Epoch":104,"FoundSolutions":3,"SubmittedSolutions":3,"Solutions":[{"Created":"2024-04-14T08:51:16.0779751Z","SolutionHash":"QLC9Y/Eq3cBg3wBOrGx+RTjXSEZPpHU66CGNeFGTUbpxbGktY3B1d2gBZXscECgpbBrePr2wCqZj49yReT2+Sw==","Submitted":true},{"Created":"2024-04-15T00:32:56.6573179Z","SolutionHash":"AR8FYho7ZaPYEPFMzqe/CjztJ5P69KnQVGkhCNKrKAxxbGktY3B1d2gDJkgGFF4R+jFWA6H4jHWoPZdUECf/ag==","Submitted":true},{"Created":"2024-04-16T14:14:20.8049207Z","SolutionHash":"DVOlcrb4GwTxoIREJbJZBemhf+KCc9BzbiwTzHUziopxbGktY3B1d2gDRGJKMp79V+lTB9Az7UCv5a715nTZ6Q==","Submitted":true}]}