{"Epoch":105,"FoundSolutions":2,"SubmittedSolutions":2,"Solutions":[{"Created":"2024-04-20T05:53:46.61331Z","SolutionHash":"aPeNGHkpAV/B0oyR9kSxQfEn7J5khfw/Y/ilUu2FKT5xbGktY3B1d2kBr8I1cifxl01NAq1ATAFVeJl9cfEj1w==","Submitted":true},{"Created":"2024-04-20T13:14:52.4253022Z","SolutionHash":"QG8FOONNqkKKMAXp4c1RaueXxYhNMZhjSj3x9bZwetpxbGktY3B1d2kB4oBBYr3M/4bYuKCSbRMbsewWRP/dWA==","Submitted":true}]}